
Microsoft Visual Studio Solution File, Format Version 12.00
# Visual Studio Version 16
VisualStudioVersion = 16.0.31624.102
MinimumVisualStudioVersion = 10.0.40219.1
Project("{FAE04EC0-301F-11D3-BF4B-00C04F79EFBC}") = "election", "election.csproj", "{847930C2-F726-4773-A8BB-822F3E590AC3}"
EndProject
Global
	GlobalSection(SolutionConfigurationPlatforms) = preSolution
		Debug|Any CPU = Debug|Any CPU
		Release|Any CPU = Release|Any CPU
	EndGlobalSection
	GlobalSection(ProjectConfigurationPlatforms) = postSolution
		{847930C2-F726-4773-A8BB-822F3E590AC3}.Debug|Any CPU.ActiveCfg = Debug|Any CPU
		{847930C2-F726-4773-A8BB-822F3E590AC3}.Debug|Any CPU.Build.0 = Debug|Any CPU
		{847930C2-F726-4773-A8BB-822F3E590AC3}.Release|Any CPU.ActiveCfg = Release|Any CPU
		{847930C2-F726-4773-A8BB-822F3E590AC3}.Release|Any CPU.Build.0 = Release|Any CPU
	EndGlobalSection
	GlobalSection(SolutionProperties) = preSolution
		HideSolutionNode = FALSE
	EndGlobalSection
	GlobalSection(ExtensibilityGlobals) = postSolution
		SolutionGuid = {A535C9A0-25C7-431B-882E-91F69E82B4C8}
	EndGlobalSection
EndGlobal
